github.com/chzyer/logex v1.1.10/go.mod h1:+Ywpsq7O8HXn0nuIou7OrIPyXbp3wmkHB+jjWRnGsAI=
github.com/chzyer/readline v0.0.0-20180603132655-2972be24d48e/go.mod h1:nSuG5e5PlCu98SY8svDHJxuZscDgtXS6KTTbou5AhLI=
github.com/chzyer/test v0.0.0-20180213035817-a1ea475d72b1/go.mod h1:Q3SI9o4m/ZMnBNeIyt5eFwwo7qiLfzFZmjNmxjkiQlU=
github.com/golang/groupcache v0.0.0-20210331224755-41bb18bfe9da h1:oI5xCqsCo564l8iNU+DwB5epxmsaqB+rhGL0m5jtYqE=
github.com/golang/groupcache v0.0.0-20210331224755-41bb18bfe9da/go.mod h1:cIg4eruTrX1D+g88fzRXU5OdNfaM+9IcxsU14FzY7Hc=
github.com/ifritJP/LuneScript/src v0.0.0-20230225113348-72886d7e513d/go.mod h1:DswlbmisPZvOh5fa36m1AZznVOjoSyggshgZY6Kz2T8=
github.com/ifritJP/LuneScript/src v0.0.0-20231209030712-6b5560839ca9 h1:7GrsViezZng/ewoDG/YPxwxWjrOH+7pHXA06+IrHEGA=
github.com/ifritJP/LuneScript/src v0.0.0-20231209030712-6b5560839ca9/go.mod h1:DswlbmisPZvOh5fa36m1AZznVOjoSyggshgZY6Kz2T8=
github.com/ifritJP/lnssqlite3/src v0.0.0-20230225123857-cfb8496afd8c h1:FyqS3f+7Oqwoi3p20sVAj2L3xla2TPGt/2BiF8tJGos=
github.com/ifritJP/lnssqlite3/src v0.0.0-20230225123857-cfb8496afd8c/go.mod h1:76T/vFju+8a2fwrTxSsqnUQvIE17ZEcWT344K/VTIMo=
github.com/mattn/go-sqlite3 v1.14.7 h1:fxWBnXkxfM6sRiuH3bqJ4CfzZojMOLVc0UTsTglEghA=
github.com/mattn/go-sqlite3 v1.14.7/go.mod h1:NyWgC/yNuGj7Q9rpYnZvas74GogHl5/Z4A/KQRfk6bU=
github.com/yuin/gopher-lua v0.0.0-20220413183635-c841877397d8 h1:YZGz13Wg1lXFpptej1c6fX22klQk4S9NaC6fiiu+kC0=
github.com/yuin/gopher-lua v0.0.0-20220413183635-c841877397d8/go.mod h1:E1AXubJBdNmFERAOucpDIxNzeGfLzg0mYh+UfMWdChA=
golang.org/x/sys v0.0.0-20190204203706-41f3e6584952/go.mod h1:STP8DvDyc/dI5b8T5hshtkjS+E42TnysNCUPdjciGhY=
