github.com/chzyer/logex v1.1.10/go.mod h1:+Ywpsq7O8HXn0nuIou7OrIPyXbp3wmkHB+jjWRnGsAI=
github.com/chzyer/readline v0.0.0-20180603132655-2972be24d48e/go.mod h1:nSuG5e5PlCu98SY8svDHJxuZscDgtXS6KTTbou5AhLI=
github.com/chzyer/test v0.0.0-20180213035817-a1ea475d72b1/go.mod h1:Q3SI9o4m/ZMnBNeIyt5eFwwo7qiLfzFZmjNmxjkiQlU=
github.com/golang/groupcache v0.0.0-20210331224755-41bb18bfe9da h1:oI5xCqsCo564l8iNU+DwB5epxmsaqB+rhGL0m5jtYqE=
github.com/golang/groupcache v0.0.0-20210331224755-41bb18bfe9da/go.mod h1:cIg4eruTrX1D+g88fzRXU5OdNfaM+9IcxsU14FzY7Hc=
github.com/ifritJP/LuneScript/src v0.0.0-20210523103925-abab1f785769/go.mod h1:sTuwIYaYJpJzhDSDsiw/yZOlGeOe9oATT905zzpwZwM=
github.com/ifritJP/LuneScript/src v0.0.0-20210614082413-6e902df7da46 h1:Tvc5Pj4kwH7WnywZzfJ/YtoPxB8fkuwzqLoex4pOh5Q=
github.com/ifritJP/LuneScript/src v0.0.0-20210614082413-6e902df7da46/go.mod h1:sTuwIYaYJpJzhDSDsiw/yZOlGeOe9oATT905zzpwZwM=
github.com/ifritJP/LuneScript/src v0.0.0-20210614122128-ec73d52ecd8d h1:HOk4RZV9UXM400lWmL5Yuv0oSFvk9HsYmiFMoCqCxes=
github.com/ifritJP/LuneScript/src v0.0.0-20210614122128-ec73d52ecd8d/go.mod h1:sTuwIYaYJpJzhDSDsiw/yZOlGeOe9oATT905zzpwZwM=
github.com/ifritJP/lnssqlite3/src v0.0.0-20210523141024-7ad875760090/go.mod h1:w3Gp9QH7FShOL8eyl1QLYHwMPfimV3FrgQEalAaXxQ0=
github.com/mattn/go-sqlite3 v1.14.7 h1:fxWBnXkxfM6sRiuH3bqJ4CfzZojMOLVc0UTsTglEghA=
github.com/mattn/go-sqlite3 v1.14.7/go.mod h1:NyWgC/yNuGj7Q9rpYnZvas74GogHl5/Z4A/KQRfk6bU=
github.com/yuin/gopher-lua v0.0.0-20200816102855-ee81675732da h1:NimzV1aGyq29m5ukMK0AMWEhFaL/lrEOaephfuoiARg=
github.com/yuin/gopher-lua v0.0.0-20200816102855-ee81675732da/go.mod h1:E1AXubJBdNmFERAOucpDIxNzeGfLzg0mYh+UfMWdChA=
golang.org/x/sys v0.0.0-20190204203706-41f3e6584952/go.mod h1:STP8DvDyc/dI5b8T5hshtkjS+E42TnysNCUPdjciGhY=
